
Microsoft Visual Studio Solution File, Format Version 12.00
# Visual Studio Version 16
VisualStudioVersion = 16.0.30114.105
MinimumVisualStudioVersion = 10.0.40219.1
Project("{FAE04EC0-301F-11D3-BF4B-00C04F79EFBC}") = "LokiXAgent", "LokiXAgent.csproj", "{8057FC71-99DE-4DD3-847F-6FBBAD99345C}"
EndProject
Global
	GlobalSection(SolutionConfigurationPlatforms) = preSolution
		Debug|Any CPU = Debug|Any CPU
		Release|Any CPU = Release|Any CPU
	EndGlobalSection
	GlobalSection(ProjectConfigurationPlatforms) = postSolution
		{8057FC71-99DE-4DD3-847F-6FBBAD99345C}.Debug|Any CPU.ActiveCfg = Release|Any CPU
		{8057FC71-99DE-4DD3-847F-6FBBAD99345C}.Debug|Any CPU.Build.0 = Release|Any CPU
		{8057FC71-99DE-4DD3-847F-6FBBAD99345C}.Release|Any CPU.ActiveCfg = Release|Any CPU
		{8057FC71-99DE-4DD3-847F-6FBBAD99345C}.Release|Any CPU.Build.0 = Release|Any CPU
	EndGlobalSection
	GlobalSection(SolutionProperties) = preSolution
		HideSolutionNode = FALSE
	EndGlobalSection
	GlobalSection(ExtensibilityGlobals) = postSolution
		SolutionGuid = {1433A191-F013-46D3-BCB2-8D1C8F7E59B1}
	EndGlobalSection
EndGlobal
